
Microsoft Visual Studio Solution File, Format Version 12.00
# Visual Studio Version 16
VisualStudioVersion = 16.0.30711.63
MinimumVisualStudioVersion = 10.0.40219.1
Project("{9A19103F-16F7-4668-BE54-9A1E7A4F7556}") = "Orko.AspNetCore", "Orko.AspNetCore\Orko.AspNetCore.csproj", "{8EC8832F-0406-4CEA-8612-525D4B046892}"
EndProject
Project("{9A19103F-16F7-4668-BE54-9A1E7A4F7556}") = "Orko.EntityWorks", "Orko.EntityWorks\Orko.EntityWorks.csproj", "{75BA9705-51F1-408B-B7A9-A6A8E2B87F2B}"
EndProject
Project("{9A19103F-16F7-4668-BE54-9A1E7A4F7556}") = "Orko.EntityWorks.Generator", "Orko.EntityWorks.Generator\Orko.EntityWorks.Generator.csproj", "{0FF00497-FA12-445C-845E-39C1F14A4A8D}"
EndProject
Project("{9A19103F-16F7-4668-BE54-9A1E7A4F7556}") = "Orko.EntityWorks.AspNetCore", "Orko.EntityWorks.AspNetCore\Orko.EntityWorks.AspNetCore.csproj", "{5C3D604D-BC5C-450B-B53D-087306EF14FF}"
EndProject
Project("{9A19103F-16F7-4668-BE54-9A1E7A4F7556}") = "Orko.EntityWorks.Generator.AspNetCore", "Orko.EntityWorks.Generator.AspNetCore\Orko.EntityWorks.Generator.AspNetCore.csproj", "{2EC76533-C0EC-4A8B-8204-DF5B82861EA1}"
EndProject
Project("{2150E333-8FDC-42A3-9474-1A3956D46DE8}") = "Source", "Source", "{D502E65D-B708-490C-99DF-7AD49E55CDC4}"
EndProject
Project("{2150E333-8FDC-42A3-9474-1A3956D46DE8}") = "Project", "Project", "{CB91D34E-CD5C-42D5-B759-E2F0EE350F0F}"
EndProject
Project("{2150E333-8FDC-42A3-9474-1A3956D46DE8}") = "Database", "Database", "{EF95D317-8F6F-47FE-A1C3-447F7BF1DC64}"
EndProject
Project("{2150E333-8FDC-42A3-9474-1A3956D46DE8}") = "Web", "Web", "{F2E6EE17-D811-4D73-A295-E74C807BDF71}"
EndProject
Project("{9A19103F-16F7-4668-BE54-9A1E7A4F7556}") = "AdventureWorks", "AdventureWorks\AdventureWorks.csproj", "{D26DBDC8-3523-4246-9407-CD7ECAC2E112}"
EndProject
Project("{9A19103F-16F7-4668-BE54-9A1E7A4F7556}") = "Northwind", "Northwind\Northwind.csproj", "{E636C4F7-15BB-4B56-9750-3363480BE0B0}"
EndProject
Project("{9A19103F-16F7-4668-BE54-9A1E7A4F7556}") = "Orko", "Orko\Orko.csproj", "{A3A891CD-B935-4315-9430-1E6EC56B01C4}"
EndProject
Project("{2150E333-8FDC-42A3-9474-1A3956D46DE8}") = "Desktop", "Desktop", "{89C5B5A3-8AD3-4DEC-AA05-A3FCE07C055E}"
EndProject
Project("{9A19103F-16F7-4668-BE54-9A1E7A4F7556}") = "Orko.WinForms", "Orko.WinForms\Orko.WinForms.csproj", "{3F705147-E371-4773-89BC-2C261B4C6E15}"
EndProject
Global
	GlobalSection(SolutionConfigurationPlatforms) = preSolution
		Debug|Any CPU = Debug|Any CPU
		Release|Any CPU = Release|Any CPU
	EndGlobalSection
	GlobalSection(ProjectConfigurationPlatforms) = postSolution
		{8EC8832F-0406-4CEA-8612-525D4B046892}.Debug|Any CPU.ActiveCfg = Debug|Any CPU
		{8EC8832F-0406-4CEA-8612-525D4B046892}.Debug|Any CPU.Build.0 = Debug|Any CPU
		{8EC8832F-0406-4CEA-8612-525D4B046892}.Release|Any CPU.ActiveCfg = Release|Any CPU
		{8EC8832F-0406-4CEA-8612-525D4B046892}.Release|Any CPU.Build.0 = Release|Any CPU
		{75BA9705-51F1-408B-B7A9-A6A8E2B87F2B}.Debug|Any CPU.ActiveCfg = Debug|Any CPU
		{75BA9705-51F1-408B-B7A9-A6A8E2B87F2B}.Debug|Any CPU.Build.0 = Debug|Any CPU
		{75BA9705-51F1-408B-B7A9-A6A8E2B87F2B}.Release|Any CPU.ActiveCfg = Release|Any CPU
		{75BA9705-51F1-408B-B7A9-A6A8E2B87F2B}.Release|Any CPU.Build.0 = Release|Any CPU
		{0FF00497-FA12-445C-845E-39C1F14A4A8D}.Debug|Any CPU.ActiveCfg = Debug|Any CPU
		{0FF00497-FA12-445C-845E-39C1F14A4A8D}.Debug|Any CPU.Build.0 = Debug|Any CPU
		{0FF00497-FA12-445C-845E-39C1F14A4A8D}.Release|Any CPU.ActiveCfg = Release|Any CPU
		{0FF00497-FA12-445C-845E-39C1F14A4A8D}.Release|Any CPU.Build.0 = Release|Any CPU
		{5C3D604D-BC5C-450B-B53D-087306EF14FF}.Debug|Any CPU.ActiveCfg = Debug|Any CPU
		{5C3D604D-BC5C-450B-B53D-087306EF14FF}.Debug|Any CPU.Build.0 = Debug|Any CPU
		{5C3D604D-BC5C-450B-B53D-087306EF14FF}.Release|Any CPU.ActiveCfg = Release|Any CPU
		{5C3D604D-BC5C-450B-B53D-087306EF14FF}.Release|Any CPU.Build.0 = Release|Any CPU
		{2EC76533-C0EC-4A8B-8204-DF5B82861EA1}.Debug|Any CPU.ActiveCfg = Debug|Any CPU
		{2EC76533-C0EC-4A8B-8204-DF5B82861EA1}.Debug|Any CPU.Build.0 = Debug|Any CPU
		{2EC76533-C0EC-4A8B-8204-DF5B82861EA1}.Release|Any CPU.ActiveCfg = Release|Any CPU
		{2EC76533-C0EC-4A8B-8204-DF5B82861EA1}.Release|Any CPU.Build.0 = Release|Any CPU
		{D26DBDC8-3523-4246-9407-CD7ECAC2E112}.Debug|Any CPU.ActiveCfg = Debug|Any CPU
		{D26DBDC8-3523-4246-9407-CD7ECAC2E112}.Debug|Any CPU.Build.0 = Debug|Any CPU
		{D26DBDC8-3523-4246-9407-CD7ECAC2E112}.Release|Any CPU.ActiveCfg = Release|Any CPU
		{D26DBDC8-3523-4246-9407-CD7ECAC2E112}.Release|Any CPU.Build.0 = Release|Any CPU
		{E636C4F7-15BB-4B56-9750-3363480BE0B0}.Debug|Any CPU.ActiveCfg = Debug|Any CPU
		{E636C4F7-15BB-4B56-9750-3363480BE0B0}.Debug|Any CPU.Build.0 = Debug|Any CPU
		{E636C4F7-15BB-4B56-9750-3363480BE0B0}.Release|Any CPU.ActiveCfg = Release|Any CPU
		{E636C4F7-15BB-4B56-9750-3363480BE0B0}.Release|Any CPU.Build.0 = Release|Any CPU
		{A3A891CD-B935-4315-9430-1E6EC56B01C4}.Debug|Any CPU.ActiveCfg = Debug|Any CPU
		{A3A891CD-B935-4315-9430-1E6EC56B01C4}.Debug|Any CPU.Build.0 = Debug|Any CPU
		{A3A891CD-B935-4315-9430-1E6EC56B01C4}.Release|Any CPU.ActiveCfg = Release|Any CPU
		{A3A891CD-B935-4315-9430-1E6EC56B01C4}.Release|Any CPU.Build.0 = Release|Any CPU
		{3F705147-E371-4773-89BC-2C261B4C6E15}.Debug|Any CPU.ActiveCfg = Debug|Any CPU
		{3F705147-E371-4773-89BC-2C261B4C6E15}.Debug|Any CPU.Build.0 = Debug|Any CPU
		{3F705147-E371-4773-89BC-2C261B4C6E15}.Release|Any CPU.ActiveCfg = Release|Any CPU
		{3F705147-E371-4773-89BC-2C261B4C6E15}.Release|Any CPU.Build.0 = Release|Any CPU
	EndGlobalSection
	GlobalSection(SolutionProperties) = preSolution
		HideSolutionNode = FALSE
	EndGlobalSection
	GlobalSection(NestedProjects) = preSolution
		{8EC8832F-0406-4CEA-8612-525D4B046892} = {F2E6EE17-D811-4D73-A295-E74C807BDF71}
		{75BA9705-51F1-408B-B7A9-A6A8E2B87F2B} = {D502E65D-B708-490C-99DF-7AD49E55CDC4}
		{0FF00497-FA12-445C-845E-39C1F14A4A8D} = {D502E65D-B708-490C-99DF-7AD49E55CDC4}
		{5C3D604D-BC5C-450B-B53D-087306EF14FF} = {D502E65D-B708-490C-99DF-7AD49E55CDC4}
		{2EC76533-C0EC-4A8B-8204-DF5B82861EA1} = {D502E65D-B708-490C-99DF-7AD49E55CDC4}
		{F2E6EE17-D811-4D73-A295-E74C807BDF71} = {CB91D34E-CD5C-42D5-B759-E2F0EE350F0F}
		{D26DBDC8-3523-4246-9407-CD7ECAC2E112} = {EF95D317-8F6F-47FE-A1C3-447F7BF1DC64}
		{E636C4F7-15BB-4B56-9750-3363480BE0B0} = {EF95D317-8F6F-47FE-A1C3-447F7BF1DC64}
		{A3A891CD-B935-4315-9430-1E6EC56B01C4} = {EF95D317-8F6F-47FE-A1C3-447F7BF1DC64}
		{89C5B5A3-8AD3-4DEC-AA05-A3FCE07C055E} = {CB91D34E-CD5C-42D5-B759-E2F0EE350F0F}
		{3F705147-E371-4773-89BC-2C261B4C6E15} = {89C5B5A3-8AD3-4DEC-AA05-A3FCE07C055E}
	EndGlobalSection
	GlobalSection(ExtensibilityGlobals) = postSolution
		SolutionGuid = {0B568BBE-5E24-4463-B6BB-BF4D9FE15C07}
	EndGlobalSection
EndGlobal
