
Microsoft Visual Studio Solution File, Format Version 12.00
# Visual Studio Version 16
VisualStudioVersion = 16.0.30711.63
MinimumVisualStudioVersion = 10.0.40219.1
Project("{9A19103F-16F7-4668-BE54-9A1E7A4F7556}") = "Orko.AspNetCore", "Orko.AspNetCore\Orko.AspNetCore.csproj", "{8EC8832F-0406-4CEA-8612-525D4B046892}"
EndProject
Project("{2150E333-8FDC-42A3-9474-1A3956D46DE8}") = "Core", "Core", "{ADCCC956-6829-493E-BA54-4385739619AB}"
EndProject
Project("{9A19103F-16F7-4668-BE54-9A1E7A4F7556}") = "Orko.EntityWorks", "Orko.EntityWorks\Orko.EntityWorks.csproj", "{75BA9705-51F1-408B-B7A9-A6A8E2B87F2B}"
EndProject
Project("{9A19103F-16F7-4668-BE54-9A1E7A4F7556}") = "Orko.EntityWorks.Generator", "Orko.EntityWorks.Generator\Orko.EntityWorks.Generator.csproj", "{0FF00497-FA12-445C-845E-39C1F14A4A8D}"
EndProject
Project("{9A19103F-16F7-4668-BE54-9A1E7A4F7556}") = "Orko.EntityWorks.AspNetCore", "Orko.EntityWorks.AspNetCore\Orko.EntityWorks.AspNetCore.csproj", "{5C3D604D-BC5C-450B-B53D-087306EF14FF}"
EndProject
Project("{2150E333-8FDC-42A3-9474-1A3956D46DE8}") = "Testing", "Testing", "{9BA1A624-E6B4-453E-993D-CA6F26A393F5}"
EndProject
Project("{2150E333-8FDC-42A3-9474-1A3956D46DE8}") = "Tools", "Tools", "{9717933A-7A4A-438E-A8F0-92B5F83D2D6C}"
EndProject
Project("{FAE04EC0-301F-11D3-BF4B-00C04F79EFBC}") = "Orko.EntityWorks.WinGenerator", "Orko.EntityWorks.WinGenerator\Orko.EntityWorks.WinGenerator.csproj", "{6C9F8EDD-8868-4782-963A-AFCD7F9E54B3}"
EndProject
Global
	GlobalSection(SolutionConfigurationPlatforms) = preSolution
		Debug|Any CPU = Debug|Any CPU
		Release|Any CPU = Release|Any CPU
	EndGlobalSection
	GlobalSection(ProjectConfigurationPlatforms) = postSolution
		{8EC8832F-0406-4CEA-8612-525D4B046892}.Debug|Any CPU.ActiveCfg = Debug|Any CPU
		{8EC8832F-0406-4CEA-8612-525D4B046892}.Debug|Any CPU.Build.0 = Debug|Any CPU
		{8EC8832F-0406-4CEA-8612-525D4B046892}.Release|Any CPU.ActiveCfg = Release|Any CPU
		{8EC8832F-0406-4CEA-8612-525D4B046892}.Release|Any CPU.Build.0 = Release|Any CPU
		{75BA9705-51F1-408B-B7A9-A6A8E2B87F2B}.Debug|Any CPU.ActiveCfg = Debug|Any CPU
		{75BA9705-51F1-408B-B7A9-A6A8E2B87F2B}.Debug|Any CPU.Build.0 = Debug|Any CPU
		{75BA9705-51F1-408B-B7A9-A6A8E2B87F2B}.Release|Any CPU.ActiveCfg = Release|Any CPU
		{75BA9705-51F1-408B-B7A9-A6A8E2B87F2B}.Release|Any CPU.Build.0 = Release|Any CPU
		{0FF00497-FA12-445C-845E-39C1F14A4A8D}.Debug|Any CPU.ActiveCfg = Debug|Any CPU
		{0FF00497-FA12-445C-845E-39C1F14A4A8D}.Debug|Any CPU.Build.0 = Debug|Any CPU
		{0FF00497-FA12-445C-845E-39C1F14A4A8D}.Release|Any CPU.ActiveCfg = Release|Any CPU
		{0FF00497-FA12-445C-845E-39C1F14A4A8D}.Release|Any CPU.Build.0 = Release|Any CPU
		{5C3D604D-BC5C-450B-B53D-087306EF14FF}.Debug|Any CPU.ActiveCfg = Debug|Any CPU
		{5C3D604D-BC5C-450B-B53D-087306EF14FF}.Debug|Any CPU.Build.0 = Debug|Any CPU
		{5C3D604D-BC5C-450B-B53D-087306EF14FF}.Release|Any CPU.ActiveCfg = Release|Any CPU
		{5C3D604D-BC5C-450B-B53D-087306EF14FF}.Release|Any CPU.Build.0 = Release|Any CPU
		{6C9F8EDD-8868-4782-963A-AFCD7F9E54B3}.Debug|Any CPU.ActiveCfg = Debug|Any CPU
		{6C9F8EDD-8868-4782-963A-AFCD7F9E54B3}.Debug|Any CPU.Build.0 = Debug|Any CPU
		{6C9F8EDD-8868-4782-963A-AFCD7F9E54B3}.Release|Any CPU.ActiveCfg = Release|Any CPU
		{6C9F8EDD-8868-4782-963A-AFCD7F9E54B3}.Release|Any CPU.Build.0 = Release|Any CPU
	EndGlobalSection
	GlobalSection(SolutionProperties) = preSolution
		HideSolutionNode = FALSE
	EndGlobalSection
	GlobalSection(NestedProjects) = preSolution
		{8EC8832F-0406-4CEA-8612-525D4B046892} = {9BA1A624-E6B4-453E-993D-CA6F26A393F5}
		{75BA9705-51F1-408B-B7A9-A6A8E2B87F2B} = {ADCCC956-6829-493E-BA54-4385739619AB}
		{0FF00497-FA12-445C-845E-39C1F14A4A8D} = {ADCCC956-6829-493E-BA54-4385739619AB}
		{5C3D604D-BC5C-450B-B53D-087306EF14FF} = {ADCCC956-6829-493E-BA54-4385739619AB}
		{6C9F8EDD-8868-4782-963A-AFCD7F9E54B3} = {9717933A-7A4A-438E-A8F0-92B5F83D2D6C}
	EndGlobalSection
	GlobalSection(ExtensibilityGlobals) = postSolution
		SolutionGuid = {0B568BBE-5E24-4463-B6BB-BF4D9FE15C07}
	EndGlobalSection
EndGlobal
