
Microsoft Visual Studio Solution File, Format Version 12.00
# Visual Studio Version 16
VisualStudioVersion = 16.0.30711.63
MinimumVisualStudioVersion = 10.0.40219.1
Project("{9A19103F-16F7-4668-BE54-9A1E7A4F7556}") = "Orko.AspNetCore", "Orko.AspNetCore\Orko.AspNetCore.csproj", "{8EC8832F-0406-4CEA-8612-525D4B046892}"
EndProject
Project("{2150E333-8FDC-42A3-9474-1A3956D46DE8}") = "Source", "Source", "{ADCCC956-6829-493E-BA54-4385739619AB}"
EndProject
Project("{9A19103F-16F7-4668-BE54-9A1E7A4F7556}") = "Orko.EntityWorks", "Orko.EntityWorks\Orko.EntityWorks.csproj", "{75BA9705-51F1-408B-B7A9-A6A8E2B87F2B}"
EndProject
Project("{9A19103F-16F7-4668-BE54-9A1E7A4F7556}") = "Orko.EntityWorks.Generator", "Orko.EntityWorks.Generator\Orko.EntityWorks.Generator.csproj", "{0FF00497-FA12-445C-845E-39C1F14A4A8D}"
EndProject
Project("{9A19103F-16F7-4668-BE54-9A1E7A4F7556}") = "Orko.EntityWorks.AspNetCore", "Orko.EntityWorks.AspNetCore\Orko.EntityWorks.AspNetCore.csproj", "{5C3D604D-BC5C-450B-B53D-087306EF14FF}"
EndProject
Project("{2150E333-8FDC-42A3-9474-1A3956D46DE8}") = "Project", "Project", "{9BA1A624-E6B4-453E-993D-CA6F26A393F5}"
EndProject
Project("{9A19103F-16F7-4668-BE54-9A1E7A4F7556}") = "Orko.EntityWorks.Generator.AspNetCore", "Orko.EntityWorks.Generator.AspNetCore\Orko.EntityWorks.Generator.AspNetCore.csproj", "{2EC76533-C0EC-4A8B-8204-DF5B82861EA1}"
EndProject
Project("{2150E333-8FDC-42A3-9474-1A3956D46DE8}") = "Database", "Database", "{0F39D56C-32AA-44F8-AC30-53133C4B9E3C}"
EndProject
Project("{2150E333-8FDC-42A3-9474-1A3956D46DE8}") = "Web", "Web", "{DE487932-B5C5-4704-B963-BF85B630F204}"
EndProject
Project("{2150E333-8FDC-42A3-9474-1A3956D46DE8}") = "EntityWorks", "EntityWorks", "{A1449E02-1F65-4EF4-BC42-9DDB063A353F}"
EndProject
Project("{2150E333-8FDC-42A3-9474-1A3956D46DE8}") = "AdventureWorks", "AdventureWorks", "{EA03EF0A-C8D3-40AC-B4F1-5E18C2E42466}"
EndProject
Project("{FAE04EC0-301F-11D3-BF4B-00C04F79EFBC}") = "AdventureWorks.Entities.Dbo", "AdventureWorks.Entities.Dbo\AdventureWorks.Entities.Dbo.csproj", "{520CF0F0-D826-4775-9FE8-4AFF27DED505}"
EndProject
Project("{FAE04EC0-301F-11D3-BF4B-00C04F79EFBC}") = "AdventureWorks.Entities.HumanResources", "AdventureWorks.Entities.HumanResources\AdventureWorks.Entities.HumanResources.csproj", "{A321E545-A9A0-4226-BDE5-8822BADD6A32}"
EndProject
Project("{FAE04EC0-301F-11D3-BF4B-00C04F79EFBC}") = "AdventureWorks.Entities.Person", "AdventureWorks.Entities.Person\AdventureWorks.Entities.Person.csproj", "{2CF311AC-5DA0-45E5-BE51-BDC24149D76D}"
EndProject
Project("{FAE04EC0-301F-11D3-BF4B-00C04F79EFBC}") = "AdventureWorks.Entities.Production", "AdventureWorks.Entities.Production\AdventureWorks.Entities.Production.csproj", "{5D055213-0A7A-4B17-84C9-C2FB91CE139E}"
EndProject
Project("{FAE04EC0-301F-11D3-BF4B-00C04F79EFBC}") = "AdventureWorks.Entities.Purchasing", "AdventureWorks.Entities.Purchasing\AdventureWorks.Entities.Purchasing.csproj", "{B24D84BA-5198-4A18-895D-3B338B6574F1}"
EndProject
Project("{FAE04EC0-301F-11D3-BF4B-00C04F79EFBC}") = "AdventureWorks.Entities.Sales", "AdventureWorks.Entities.Sales\AdventureWorks.Entities.Sales.csproj", "{D6FB98FD-0DD3-4447-8C6C-1B58AEEA10C5}"
EndProject
Project("{2150E333-8FDC-42A3-9474-1A3956D46DE8}") = "Northwind", "Northwind", "{40E7E8D3-E0EE-45D1-8C5E-79A868A68D7D}"
EndProject
Project("{FAE04EC0-301F-11D3-BF4B-00C04F79EFBC}") = "EntityWorks.Entities.Base", "EntityWorks.Entities.Base\EntityWorks.Entities.Base.csproj", "{94A06D3E-5B49-4727-B3CB-D386BF0B9697}"
EndProject
Project("{FAE04EC0-301F-11D3-BF4B-00C04F79EFBC}") = "EntityWorks.Entities.Abstract", "EntityWorks.Entities.Abstract\EntityWorks.Entities.Abstract.csproj", "{294AD663-E08B-4039-B7E3-3B56C717867F}"
EndProject
Project("{FAE04EC0-301F-11D3-BF4B-00C04F79EFBC}") = "Northwind.Entities.Dbo", "Northwind.Entities.Dbo\Northwind.Entities.Dbo.csproj", "{79EEF8E3-0E2B-4037-9FD0-0D0152FBCB05}"
EndProject
Global
	GlobalSection(SolutionConfigurationPlatforms) = preSolution
		Debug|Any CPU = Debug|Any CPU
		Release|Any CPU = Release|Any CPU
	EndGlobalSection
	GlobalSection(ProjectConfigurationPlatforms) = postSolution
		{8EC8832F-0406-4CEA-8612-525D4B046892}.Debug|Any CPU.ActiveCfg = Debug|Any CPU
		{8EC8832F-0406-4CEA-8612-525D4B046892}.Debug|Any CPU.Build.0 = Debug|Any CPU
		{8EC8832F-0406-4CEA-8612-525D4B046892}.Release|Any CPU.ActiveCfg = Release|Any CPU
		{8EC8832F-0406-4CEA-8612-525D4B046892}.Release|Any CPU.Build.0 = Release|Any CPU
		{75BA9705-51F1-408B-B7A9-A6A8E2B87F2B}.Debug|Any CPU.ActiveCfg = Debug|Any CPU
		{75BA9705-51F1-408B-B7A9-A6A8E2B87F2B}.Debug|Any CPU.Build.0 = Debug|Any CPU
		{75BA9705-51F1-408B-B7A9-A6A8E2B87F2B}.Release|Any CPU.ActiveCfg = Release|Any CPU
		{75BA9705-51F1-408B-B7A9-A6A8E2B87F2B}.Release|Any CPU.Build.0 = Release|Any CPU
		{0FF00497-FA12-445C-845E-39C1F14A4A8D}.Debug|Any CPU.ActiveCfg = Debug|Any CPU
		{0FF00497-FA12-445C-845E-39C1F14A4A8D}.Debug|Any CPU.Build.0 = Debug|Any CPU
		{0FF00497-FA12-445C-845E-39C1F14A4A8D}.Release|Any CPU.ActiveCfg = Release|Any CPU
		{0FF00497-FA12-445C-845E-39C1F14A4A8D}.Release|Any CPU.Build.0 = Release|Any CPU
		{5C3D604D-BC5C-450B-B53D-087306EF14FF}.Debug|Any CPU.ActiveCfg = Debug|Any CPU
		{5C3D604D-BC5C-450B-B53D-087306EF14FF}.Debug|Any CPU.Build.0 = Debug|Any CPU
		{5C3D604D-BC5C-450B-B53D-087306EF14FF}.Release|Any CPU.ActiveCfg = Release|Any CPU
		{5C3D604D-BC5C-450B-B53D-087306EF14FF}.Release|Any CPU.Build.0 = Release|Any CPU
		{2EC76533-C0EC-4A8B-8204-DF5B82861EA1}.Debug|Any CPU.ActiveCfg = Debug|Any CPU
		{2EC76533-C0EC-4A8B-8204-DF5B82861EA1}.Debug|Any CPU.Build.0 = Debug|Any CPU
		{2EC76533-C0EC-4A8B-8204-DF5B82861EA1}.Release|Any CPU.ActiveCfg = Release|Any CPU
		{2EC76533-C0EC-4A8B-8204-DF5B82861EA1}.Release|Any CPU.Build.0 = Release|Any CPU
		{520CF0F0-D826-4775-9FE8-4AFF27DED505}.Debug|Any CPU.ActiveCfg = Debug|Any CPU
		{520CF0F0-D826-4775-9FE8-4AFF27DED505}.Debug|Any CPU.Build.0 = Debug|Any CPU
		{520CF0F0-D826-4775-9FE8-4AFF27DED505}.Release|Any CPU.ActiveCfg = Release|Any CPU
		{520CF0F0-D826-4775-9FE8-4AFF27DED505}.Release|Any CPU.Build.0 = Release|Any CPU
		{A321E545-A9A0-4226-BDE5-8822BADD6A32}.Debug|Any CPU.ActiveCfg = Debug|Any CPU
		{A321E545-A9A0-4226-BDE5-8822BADD6A32}.Debug|Any CPU.Build.0 = Debug|Any CPU
		{A321E545-A9A0-4226-BDE5-8822BADD6A32}.Release|Any CPU.ActiveCfg = Release|Any CPU
		{A321E545-A9A0-4226-BDE5-8822BADD6A32}.Release|Any CPU.Build.0 = Release|Any CPU
		{2CF311AC-5DA0-45E5-BE51-BDC24149D76D}.Debug|Any CPU.ActiveCfg = Debug|Any CPU
		{2CF311AC-5DA0-45E5-BE51-BDC24149D76D}.Debug|Any CPU.Build.0 = Debug|Any CPU
		{2CF311AC-5DA0-45E5-BE51-BDC24149D76D}.Release|Any CPU.ActiveCfg = Release|Any CPU
		{2CF311AC-5DA0-45E5-BE51-BDC24149D76D}.Release|Any CPU.Build.0 = Release|Any CPU
		{5D055213-0A7A-4B17-84C9-C2FB91CE139E}.Debug|Any CPU.ActiveCfg = Debug|Any CPU
		{5D055213-0A7A-4B17-84C9-C2FB91CE139E}.Debug|Any CPU.Build.0 = Debug|Any CPU
		{5D055213-0A7A-4B17-84C9-C2FB91CE139E}.Release|Any CPU.ActiveCfg = Release|Any CPU
		{5D055213-0A7A-4B17-84C9-C2FB91CE139E}.Release|Any CPU.Build.0 = Release|Any CPU
		{B24D84BA-5198-4A18-895D-3B338B6574F1}.Debug|Any CPU.ActiveCfg = Debug|Any CPU
		{B24D84BA-5198-4A18-895D-3B338B6574F1}.Debug|Any CPU.Build.0 = Debug|Any CPU
		{B24D84BA-5198-4A18-895D-3B338B6574F1}.Release|Any CPU.ActiveCfg = Release|Any CPU
		{B24D84BA-5198-4A18-895D-3B338B6574F1}.Release|Any CPU.Build.0 = Release|Any CPU
		{D6FB98FD-0DD3-4447-8C6C-1B58AEEA10C5}.Debug|Any CPU.ActiveCfg = Debug|Any CPU
		{D6FB98FD-0DD3-4447-8C6C-1B58AEEA10C5}.Debug|Any CPU.Build.0 = Debug|Any CPU
		{D6FB98FD-0DD3-4447-8C6C-1B58AEEA10C5}.Release|Any CPU.ActiveCfg = Release|Any CPU
		{D6FB98FD-0DD3-4447-8C6C-1B58AEEA10C5}.Release|Any CPU.Build.0 = Release|Any CPU
		{94A06D3E-5B49-4727-B3CB-D386BF0B9697}.Debug|Any CPU.ActiveCfg = Debug|Any CPU
		{94A06D3E-5B49-4727-B3CB-D386BF0B9697}.Debug|Any CPU.Build.0 = Debug|Any CPU
		{94A06D3E-5B49-4727-B3CB-D386BF0B9697}.Release|Any CPU.ActiveCfg = Release|Any CPU
		{94A06D3E-5B49-4727-B3CB-D386BF0B9697}.Release|Any CPU.Build.0 = Release|Any CPU
		{294AD663-E08B-4039-B7E3-3B56C717867F}.Debug|Any CPU.ActiveCfg = Debug|Any CPU
		{294AD663-E08B-4039-B7E3-3B56C717867F}.Debug|Any CPU.Build.0 = Debug|Any CPU
		{294AD663-E08B-4039-B7E3-3B56C717867F}.Release|Any CPU.ActiveCfg = Release|Any CPU
		{294AD663-E08B-4039-B7E3-3B56C717867F}.Release|Any CPU.Build.0 = Release|Any CPU
		{79EEF8E3-0E2B-4037-9FD0-0D0152FBCB05}.Debug|Any CPU.ActiveCfg = Debug|Any CPU
		{79EEF8E3-0E2B-4037-9FD0-0D0152FBCB05}.Debug|Any CPU.Build.0 = Debug|Any CPU
		{79EEF8E3-0E2B-4037-9FD0-0D0152FBCB05}.Release|Any CPU.ActiveCfg = Release|Any CPU
		{79EEF8E3-0E2B-4037-9FD0-0D0152FBCB05}.Release|Any CPU.Build.0 = Release|Any CPU
	EndGlobalSection
	GlobalSection(SolutionProperties) = preSolution
		HideSolutionNode = FALSE
	EndGlobalSection
	GlobalSection(NestedProjects) = preSolution
		{8EC8832F-0406-4CEA-8612-525D4B046892} = {DE487932-B5C5-4704-B963-BF85B630F204}
		{75BA9705-51F1-408B-B7A9-A6A8E2B87F2B} = {ADCCC956-6829-493E-BA54-4385739619AB}
		{0FF00497-FA12-445C-845E-39C1F14A4A8D} = {ADCCC956-6829-493E-BA54-4385739619AB}
		{5C3D604D-BC5C-450B-B53D-087306EF14FF} = {ADCCC956-6829-493E-BA54-4385739619AB}
		{2EC76533-C0EC-4A8B-8204-DF5B82861EA1} = {ADCCC956-6829-493E-BA54-4385739619AB}
		{0F39D56C-32AA-44F8-AC30-53133C4B9E3C} = {9BA1A624-E6B4-453E-993D-CA6F26A393F5}
		{DE487932-B5C5-4704-B963-BF85B630F204} = {9BA1A624-E6B4-453E-993D-CA6F26A393F5}
		{A1449E02-1F65-4EF4-BC42-9DDB063A353F} = {0F39D56C-32AA-44F8-AC30-53133C4B9E3C}
		{EA03EF0A-C8D3-40AC-B4F1-5E18C2E42466} = {0F39D56C-32AA-44F8-AC30-53133C4B9E3C}
		{520CF0F0-D826-4775-9FE8-4AFF27DED505} = {EA03EF0A-C8D3-40AC-B4F1-5E18C2E42466}
		{A321E545-A9A0-4226-BDE5-8822BADD6A32} = {EA03EF0A-C8D3-40AC-B4F1-5E18C2E42466}
		{2CF311AC-5DA0-45E5-BE51-BDC24149D76D} = {EA03EF0A-C8D3-40AC-B4F1-5E18C2E42466}
		{5D055213-0A7A-4B17-84C9-C2FB91CE139E} = {EA03EF0A-C8D3-40AC-B4F1-5E18C2E42466}
		{B24D84BA-5198-4A18-895D-3B338B6574F1} = {EA03EF0A-C8D3-40AC-B4F1-5E18C2E42466}
		{D6FB98FD-0DD3-4447-8C6C-1B58AEEA10C5} = {EA03EF0A-C8D3-40AC-B4F1-5E18C2E42466}
		{40E7E8D3-E0EE-45D1-8C5E-79A868A68D7D} = {0F39D56C-32AA-44F8-AC30-53133C4B9E3C}
		{94A06D3E-5B49-4727-B3CB-D386BF0B9697} = {A1449E02-1F65-4EF4-BC42-9DDB063A353F}
		{294AD663-E08B-4039-B7E3-3B56C717867F} = {A1449E02-1F65-4EF4-BC42-9DDB063A353F}
		{79EEF8E3-0E2B-4037-9FD0-0D0152FBCB05} = {40E7E8D3-E0EE-45D1-8C5E-79A868A68D7D}
	EndGlobalSection
	GlobalSection(ExtensibilityGlobals) = postSolution
		SolutionGuid = {0B568BBE-5E24-4463-B6BB-BF4D9FE15C07}
	EndGlobalSection
EndGlobal
